# @generated by Move, please check-in and do not edit manually.

[move]
version = 3
manifest_digest = "498C3E9F5CD2669867FCB38C9A1BAEBA3B5930075C0462C6B6B6FA24216C86FF"
deps_digest = "F8BBB0CCB2491CA29A3DF03D6F92277A4F3574266507ACD77214D37ECA3F3082"
dependencies = [
  { id = "Sui", name = "Sui" },
]

[[move.package]]
id = "MoveStdlib"
source = { git = "https://github.com/MystenLabs/sui", rev = "testnet", subdir = "crates/sui-framework/packages/move-stdlib" }

[[move.package]]
id = "Sui"
source = { git = "https://github.com/MystenLabs/sui", rev = "testnet", subdir = "crates/sui-framework/packages/sui-framework" }

dependencies = [
  { id = "MoveStdlib", name = "MoveStdlib" },
]

[move.toolchain-version]
compiler-version = "1.45.3"
edition = "2024"
flavor = "sui"

[env]

[env.testnet]
chain-id = "4c78adac"
original-published-id = "0x4a38581778ca24696476d84e0960ba8b5d2c709ac3b1ab9570b6699b9ad3bd50"
latest-published-id = "0x4a38581778ca24696476d84e0960ba8b5d2c709ac3b1ab9570b6699b9ad3bd50"
published-version = "1"
